
Microsoft Visual Studio Solution File, Format Version 12.00
# Visual Studio Version 17
VisualStudioVersion = 17.9.34902.65
MinimumVisualStudioVersion = 10.0.40219.1
Project("{6EC3EE1D-3C4E-46DD-8F32-0CC8E7565705}") = "Fable.Multiverse", "Fable.Multiverse.fsproj", "{65AB3BCF-57DA-4160-BA33-5CECC4719778}"
EndProject
Global
	GlobalSection(SolutionConfigurationPlatforms) = preSolution
		Debug|Any CPU = Debug|Any CPU
		Release|Any CPU = Release|Any CPU
	EndGlobalSection
	GlobalSection(ProjectConfigurationPlatforms) = postSolution
		{65AB3BCF-57DA-4160-BA33-5CECC4719778}.Debug|Any CPU.ActiveCfg = Debug|Any CPU
		{65AB3BCF-57DA-4160-BA33-5CECC4719778}.Debug|Any CPU.Build.0 = Debug|Any CPU
		{65AB3BCF-57DA-4160-BA33-5CECC4719778}.Release|Any CPU.ActiveCfg = Release|Any CPU
		{65AB3BCF-57DA-4160-BA33-5CECC4719778}.Release|Any CPU.Build.0 = Release|Any CPU
	EndGlobalSection
	GlobalSection(SolutionProperties) = preSolution
		HideSolutionNode = FALSE
	EndGlobalSection
	GlobalSection(ExtensibilityGlobals) = postSolution
		SolutionGuid = {F9ED63BB-82D7-455A-8987-E4762BFD98FC}
	EndGlobalSection
EndGlobal
